{
  "nodes": {
    "crane": {
      "inputs": {
        "nixpkgs": [
          "nixpkgs"
        ]
      },
      "locked": {
        "lastModified": 1714864355,
        "narHash": "sha256-uXNW6bapWFfkYIkK1EagydSrFMqycOYEDSq75GmUpjk=",
        "owner": "ipetkov",
        "repo": "crane",
        "rev": "442a7a6152f49b907e73206dc8e1f46a61e8e873",
        "type": "github"
      },
      "original": {
        "owner": "ipetkov",
        "repo": "crane",
        "type": "github"
      }
    },
    "flake-utils": {
      "inputs": {
        "systems": "systems"
      },
      "locked": {
        "lastModified": 1710146030,
        "narHash": "sha256-SZ5L6eA7HJ/nmkzGG7/ISclqe6oZdOZTNoesiInkXPQ=",
        "owner": "numtide",
        "repo": "flake-utils",
        "rev": "b1d9ab70662946ef0850d488da1c9019f3a9752a",
        "type": "github"
      },
      "original": {
        "owner": "numtide",
        "repo": "flake-utils",
        "type": "github"
      }
    },
    "framework-cpu-usage-led": {
      "flake": false,
      "locked": {
        "lastModified": 1676514351,
        "narHash": "sha256-AhvzJ8c0Qz1NZDNmblVJJx00x/osZzay+BqtWcVgS5c=",
        "owner": "gamingdoom",
        "repo": "framework-cpu-usage-led",
        "rev": "52011d8450501fb405729236edb8a0db81be6404",
        "type": "github"
      },
      "original": {
        "owner": "gamingdoom",
        "repo": "framework-cpu-usage-led",
        "type": "github"
      }
    },
    "framework-system": {
      "flake": false,
      "locked": {
        "lastModified": 1714453745,
        "narHash": "sha256-yTd4jT+DpDRkanr+srXoRd+l+skUjL1LMsf1osfizAk=",
        "owner": "FrameworkComputer",
        "repo": "framework-system",
        "rev": "b03685b932cea0e8492592c138b8d20b5c0ac7c5",
        "type": "github"
      },
      "original": {
        "owner": "FrameworkComputer",
        "repo": "framework-system",
        "type": "github"
      }
    },
    "fw-ectool": {
      "flake": false,
      "locked": {
        "host": "gitlab.howett.net",
        "lastModified": 1713926465,
        "narHash": "sha256-SHRnyqicFlviBDu3aH+uKVUstVxpIhZV6JSuZOgOwXU=",
        "owner": "DHowett",
        "repo": "ectool",
        "rev": "39d64fb0e79e874cfe9877af69158fc2520b1a80",
        "type": "gitlab"
      },
      "original": {
        "host": "gitlab.howett.net",
        "owner": "DHowett",
        "repo": "ectool",
        "type": "gitlab"
      }
    },
    "keylightd": {
      "flake": false,
      "locked": {
        "lastModified": 1714954116,
        "narHash": "sha256-QFsbd3npKQkiNuv9xxU0erKClbDACiu8fg7NNecsqz8=",
        "ref": "refs/heads/main",
        "rev": "cc342852ed0df040331dbb3c11ac7af0791be1bd",
        "revCount": 9,
        "type": "git",
        "url": "https://code.notaphish.fyi/milas/keylightd"
      },
      "original": {
        "type": "git",
        "url": "https://code.notaphish.fyi/milas/keylightd"
      }
    },
    "nixpkgs": {
      "locked": {
        "lastModified": 1714809261,
        "narHash": "sha256-hfBmnYFyz9I1mdrC3tX1A+dF9cOUcds5PIMPxrT+cRk=",
        "owner": "NixOS",
        "repo": "nixpkgs",
        "rev": "d32560238207b8e26d88b265207b216ee46b8450",
        "type": "github"
      },
      "original": {
        "owner": "NixOS",
        "ref": "nixpkgs-unstable",
        "repo": "nixpkgs",
        "type": "github"
      }
    },
    "root": {
      "inputs": {
        "crane": "crane",
        "flake-utils": "flake-utils",
        "framework-cpu-usage-led": "framework-cpu-usage-led",
        "framework-system": "framework-system",
        "fw-ectool": "fw-ectool",
        "keylightd": "keylightd",
        "nixpkgs": "nixpkgs"
      }
    },
    "systems": {
      "locked": {
        "lastModified": 1681028828,
        "narHash": "sha256-Vy1rq5AaRuLzOxct8nz4T6wlgyUR7zLU309k9mBC768=",
        "owner": "nix-systems",
        "repo": "default",
        "rev": "da67096a3b9bf56a91d16901293e51ba5b49a27e",
        "type": "github"
      },
      "original": {
        "owner": "nix-systems",
        "repo": "default",
        "type": "github"
      }
    }
  },
  "root": "root",
  "version": 7
}
